
Microsoft Visual Studio Solution File, Format Version 12.00
# Visual Studio Version 16
VisualStudioVersion = 16.0.810.25
MinimumVisualStudioVersion = 10.0.40219.1
Project("{FAE04EC0-301F-11D3-BF4B-00C04F79EFBC}") = "Adapter", "Adapter\Adapter.csproj", "{8B6B0780-BA62-47CB-973D-3932E9C48993}"
EndProject
Project("{FAE04EC0-301F-11D3-BF4B-00C04F79EFBC}") = "ReqResAPI.Tests", "ReqResAPI.Tests\ReqResAPI.Tests.csproj", "{1C2FF1E0-74D0-4112-8BB7-AA8C1BB41F86}"
EndProject
Global
	GlobalSection(SolutionConfigurationPlatforms) = preSolution
		Debug|Any CPU = Debug|Any CPU
		Release|Any CPU = Release|Any CPU
	EndGlobalSection
	GlobalSection(ProjectConfigurationPlatforms) = postSolution
		{8B6B0780-BA62-47CB-973D-3932E9C48993}.Debug|Any CPU.ActiveCfg = Debug|Any CPU
		{8B6B0780-BA62-47CB-973D-3932E9C48993}.Debug|Any CPU.Build.0 = Debug|Any CPU
		{8B6B0780-BA62-47CB-973D-3932E9C48993}.Release|Any CPU.ActiveCfg = Release|Any CPU
		{8B6B0780-BA62-47CB-973D-3932E9C48993}.Release|Any CPU.Build.0 = Release|Any CPU
		{1C2FF1E0-74D0-4112-8BB7-AA8C1BB41F86}.Debug|Any CPU.ActiveCfg = Debug|Any CPU
		{1C2FF1E0-74D0-4112-8BB7-AA8C1BB41F86}.Debug|Any CPU.Build.0 = Debug|Any CPU
		{1C2FF1E0-74D0-4112-8BB7-AA8C1BB41F86}.Release|Any CPU.ActiveCfg = Release|Any CPU
		{1C2FF1E0-74D0-4112-8BB7-AA8C1BB41F86}.Release|Any CPU.Build.0 = Release|Any CPU
	EndGlobalSection
	GlobalSection(SolutionProperties) = preSolution
		HideSolutionNode = FALSE
	EndGlobalSection
	GlobalSection(ExtensibilityGlobals) = postSolution
		SolutionGuid = {8D7BA8B8-7C9D-4D83-95BB-1F210794009B}
	EndGlobalSection
EndGlobal
